
Microsoft Visual Studio Solution File, Format Version 12.00
# Visual Studio 15
VisualStudioVersion = 15.0.28307.572
MinimumVisualStudioVersion = 10.0.40219.1
Project("{8BC9CEB8-8B4A-11D0-8D11-00A0C91BC942}") = "Chapter3_2", "Chapter3_2\Chapter3_2.vcxproj", "{A221F4E0-D19C-49A8-B2EF-F39474E35D1B}"
EndProject
Global
	GlobalSection(SolutionConfigurationPlatforms) = preSolution
		Debug|x64 = Debug|x64
		Debug|x86 = Debug|x86
		Release|x64 = Release|x64
		Release|x86 = Release|x86
	EndGlobalSection
	GlobalSection(ProjectConfigurationPlatforms) = postSolution
		{A221F4E0-D19C-49A8-B2EF-F39474E35D1B}.Debug|x64.ActiveCfg = Debug|x64
		{A221F4E0-D19C-49A8-B2EF-F39474E35D1B}.Debug|x64.Build.0 = Debug|x64
		{A221F4E0-D19C-49A8-B2EF-F39474E35D1B}.Debug|x86.ActiveCfg = Debug|Win32
		{A221F4E0-D19C-49A8-B2EF-F39474E35D1B}.Debug|x86.Build.0 = Debug|Win32
		{A221F4E0-D19C-49A8-B2EF-F39474E35D1B}.Release|x64.ActiveCfg = Release|x64
		{A221F4E0-D19C-49A8-B2EF-F39474E35D1B}.Release|x64.Build.0 = Release|x64
		{A221F4E0-D19C-49A8-B2EF-F39474E35D1B}.Release|x86.ActiveCfg = Release|Win32
		{A221F4E0-D19C-49A8-B2EF-F39474E35D1B}.Release|x86.Build.0 = Release|Win32
	EndGlobalSection
	GlobalSection(SolutionProperties) = preSolution
		HideSolutionNode = FALSE
	EndGlobalSection
	GlobalSection(ExtensibilityGlobals) = postSolution
		SolutionGuid = {B91C5D86-FC57-4104-89CB-F8BE97BA1AA3}
	EndGlobalSection
EndGlobal
